
Microsoft Visual Studio Solution File, Format Version 12.00
# Visual Studio Version 16
VisualStudioVersion = 16.0.29509.3
MinimumVisualStudioVersion = 10.0.40219.1
Project("{FAE04EC0-301F-11D3-BF4B-00C04F79EFBC}") = "Fizz-Buzz", "Fizz-Buzz\Fizz-Buzz.csproj", "{65E7E611-A76A-418A-AD7B-1F5638F84EE5}"
EndProject
Global
	GlobalSection(SolutionConfigurationPlatforms) = preSolution
		Debug|Any CPU = Debug|Any CPU
		Release|Any CPU = Release|Any CPU
	EndGlobalSection
	GlobalSection(ProjectConfigurationPlatforms) = postSolution
		{65E7E611-A76A-418A-AD7B-1F5638F84EE5}.Debug|Any CPU.ActiveCfg = Debug|Any CPU
		{65E7E611-A76A-418A-AD7B-1F5638F84EE5}.Debug|Any CPU.Build.0 = Debug|Any CPU
		{65E7E611-A76A-418A-AD7B-1F5638F84EE5}.Release|Any CPU.ActiveCfg = Release|Any CPU
		{65E7E611-A76A-418A-AD7B-1F5638F84EE5}.Release|Any CPU.Build.0 = Release|Any CPU
	EndGlobalSection
	GlobalSection(SolutionProperties) = preSolution
		HideSolutionNode = FALSE
	EndGlobalSection
	GlobalSection(ExtensibilityGlobals) = postSolution
		SolutionGuid = {157EDF10-47A9-4191-874D-C1C141C8980E}
	EndGlobalSection
EndGlobal
